// !$*UTF8*$!
{
	archiveVersion = 1;
	classes = {
	};
	objectVersion = 46;
	objects = {

/* Begin PBXBuildFile section */
		A0987AEB19E6FB0D00233ECC /* main.m in Sources */ = {isa = PBXBuildFile; fileRef = A0987AEA19E6FB0D00233ECC /* main.m */; };
		A0987AEE19E6FB0D00233ECC /* AppDelegate.m in Sources */ = {isa = PBXBuildFile; fileRef = A0987AED19E6FB0D00233ECC /* AppDelegate.m */; };
		A0987AF119E6FB0D00233ECC /* givemeback_ios.xcdatamodeld in Sources */ = {isa = PBXBuildFile; fileRef = A0987AEF19E6FB0D00233ECC /* givemeback_ios.xcdatamodeld */; };
		A0987AF419E6FB0D00233ECC /* ViewController.m in Sources */ = {isa = PBXBuildFile; fileRef = A0987AF319E6FB0D00233ECC /* ViewController.m */; };
		A0987AF719E6FB0D00233ECC /* Main.storyboard in Resources */ = {isa = PBXBuildFile; fileRef = A0987AF519E6FB0D00233ECC /* Main.storyboard */; };
		A0987AF919E6FB0D00233ECC /* Images.xcassets in Resources */ = {isa = PBXBuildFile; fileRef = A0987AF819E6FB0D00233ECC /* Images.xcassets */; };
		A0987AFC19E6FB0D00233ECC /* LaunchScreen.xib in Resources */ = {isa = PBXBuildFile; fileRef = A0987AFA19E6FB0D00233ECC /* LaunchScreen.xib */; };
		A0987B0819E6FB0D00233ECC /* givemeback_iosTests.m in Sources */ = {isa = PBXBuildFile; fileRef = A0987B0719E6FB0D00233ECC /* givemeback_iosTests.m */; };
/* End PBXBuildFile section */

/* Begin PBXContainerItemProxy section */
		A0987B0219E6FB0D00233ECC /* PBXContainerItemProxy */ = {
			isa = PBXContainerItemProxy;
			containerPortal = A0987ADD19E6FB0D00233ECC /* Project object */;
			proxyType = 1;
			remoteGlobalIDString = A0987AE419E6FB0D00233ECC;
			remoteInfo = "givemeback-ios";
		};
/* End PBXContainerItemProxy section */

/* Begin PBXFileReference section */
		A0987AE519E6FB0D00233ECC /* givemeback-ios.app */ = {isa = PBXFileReference; explicitFileType = wrapper.application; includeInIndex = 0; path = "givemeback-ios.app"; sourceTree = BUILT_PRODUCTS_DIR; };
		A0987AE919E6FB0D00233ECC /* Info.plist */ = {isa = PBXFileReference; lastKnownFileType = text.plist.xml; path = Info.plist; sourceTree = "<group>"; };
		A0987AEA19E6FB0D00233ECC /* main.m */ = {isa = PBXFileReference; lastKnownFileType = sourcecode.c.objc; path = main.m; sourceTree = "<group>"; };
		A0987AEC19E6FB0D00233ECC /* AppDelegate.h */ = {isa = PBXFileReference; lastKnownFileType = sourcecode.c.h; path = AppDelegate.h; sourceTree = "<group>"; };
		A0987AED19E6FB0D00233ECC /* AppDelegate.m */ = {isa = PBXFileReference; lastKnownFileType = sourcecode.c.objc; path = AppDelegate.m; sourceTree = "<group>"; };
		A0987AF019E6FB0D00233ECC /* givemeback_ios.xcdatamodel */ = {isa = PBXFileReference; lastKnownFileType = wrapper.xcdatamodel; path = givemeback_ios.xcdatamodel; sourceTree = "<group>"; };
		A0987AF219E6FB0D00233ECC /* ViewController.h */ = {isa = PBXFileReference; lastKnownFileType = sourcecode.c.h; path = ViewController.h; sourceTree = "<group>"; };
		A0987AF319E6FB0D00233ECC /* ViewController.m */ = {isa = PBXFileReference; lastKnownFileType = sourcecode.c.objc; path = ViewController.m; sourceTree = "<group>"; };
		A0987AF619E6FB0D00233ECC /* Base */ = {isa = PBXFileReference; lastKnownFileType = file.storyboard; name = Base; path = Base.lproj/Main.storyboard; sourceTree = "<group>"; };
		A0987AF819E6FB0D00233ECC /* Images.xcassets */ = {isa = PBXFileReference; lastKnownFileType = folder.assetcatalog; path = Images.xcassets; sourceTree = "<group>"; };
		A0987AFB19E6FB0D00233ECC /* Base */ = {isa = PBXFileReference; lastKnownFileType = file.xib; name = Base; path = Base.lproj/LaunchScreen.xib; sourceTree = "<group>"; };
		A0987B0119E6FB0D00233ECC /* givemeback-iosTests.xctest */ = {isa = PBXFileReference; explicitFileType = wrapper.cfbundle; includeInIndex = 0; path = "givemeback-iosTests.xctest"; sourceTree = BUILT_PRODUCTS_DIR; };
		A0987B0619E6FB0D00233ECC /* Info.plist */ = {isa = PBXFileReference; lastKnownFileType = text.plist.xml; path = Info.plist; sourceTree = "<group>"; };
		A0987B0719E6FB0D00233ECC /* givemeback_iosTests.m */ = {isa = PBXFileReference; lastKnownFileType = sourcecode.c.objc; path = givemeback_iosTests.m; sourceTree = "<group>"; };
/* End PBXFileReference section */

/* Begin PBXFrameworksBuildPhase section */
		A0987AE219E6FB0D00233ECC /* Frameworks */ = {
			isa = PBXFrameworksBuildPhase;
			buildActionMask = 2147483647;
			files = (
			);
			runOnlyForDeploymentPostprocessing = 0;
		};
		A0987AFE19E6FB0D00233ECC /* Frameworks */ = {
			isa = PBXFrameworksBuildPhase;
			buildActionMask = 2147483647;
			files = (
			);
			runOnlyForDeploymentPostprocessing = 0;
		};
/* End PBXFrameworksBuildPhase section */

/* Begin PBXGroup section */
		A0987ADC19E6FB0D00233ECC = {
			isa = PBXGroup;
			children = (
				A0987AE719E6FB0D00233ECC /* givemeback-ios */,
				A0987B0419E6FB0D00233ECC /* givemeback-iosTests */,
				A0987AE619E6FB0D00233ECC /* Products */,
			);
			sourceTree = "<group>";
		};
		A0987AE619E6FB0D00233ECC /* Products */ = {
			isa = PBXGroup;
			children = (
				A0987AE519E6FB0D00233ECC /* givemeback-ios.app */,
				A0987B0119E6FB0D00233ECC /* givemeback-iosTests.xctest */,
			);
			name = Products;
			sourceTree = "<group>";
		};
		A0987AE719E6FB0D00233ECC /* givemeback-ios */ = {
			isa = PBXGroup;
			children = (
				A0987AEC19E6FB0D00233ECC /* AppDelegate.h */,
				A0987AED19E6FB0D00233ECC /* AppDelegate.m */,
				A0987AF219E6FB0D00233ECC /* ViewController.h */,
				A0987AF319E6FB0D00233ECC /* ViewController.m */,
				A0987AF519E6FB0D00233ECC /* Main.storyboard */,
				A0987AF819E6FB0D00233ECC /* Images.xcassets */,
				A0987AFA19E6FB0D00233ECC /* LaunchScreen.xib */,
				A0987AEF19E6FB0D00233ECC /* givemeback_ios.xcdatamodeld */,
				A0987AE819E6FB0D00233ECC /* Supporting Files */,
			);
			path = "givemeback-ios";
			sourceTree = "<group>";
		};
		A0987AE819E6FB0D00233ECC /* Supporting Files */ = {
			isa = PBXGroup;
			children = (
				A0987AE919E6FB0D00233ECC /* Info.plist */,
				A0987AEA19E6FB0D00233ECC /* main.m */,
			);
			name = "Supporting Files";
			sourceTree = "<group>";
		};
		A0987B0419E6FB0D00233ECC /* givemeback-iosTests */ = {
			isa = PBXGroup;
			children = (
				A0987B0719E6FB0D00233ECC /* givemeback_iosTests.m */,
				A0987B0519E6FB0D00233ECC /* Supporting Files */,
			);
			path = "givemeback-iosTests";
			sourceTree = "<group>";
		};
		A0987B0519E6FB0D00233ECC /* Supporting Files */ = {
			isa = PBXGroup;
			children = (
				A0987B0619E6FB0D00233ECC /* Info.plist */,
			);
			name = "Supporting Files";
			sourceTree = "<group>";
		};
/* End PBXGroup section */

/* Begin PBXNativeTarget section */
		A0987AE419E6FB0D00233ECC /* givemeback-ios */ = {
			isa = PBXNativeTarget;
			buildConfigurationList = A0987B0B19E6FB0D00233ECC /* Build configuration list for PBXNativeTarget "givemeback-ios" */;
			buildPhases = (
				A0987AE119E6FB0D00233ECC /* Sources */,
				A0987AE219E6FB0D00233ECC /* Frameworks */,
				A0987AE319E6FB0D00233ECC /* Resources */,
			);
			buildRules = (
			);
			dependencies = (
			);
			name = "givemeback-ios";
			productName = "givemeback-ios";
			productReference = A0987AE519E6FB0D00233ECC /* givemeback-ios.app */;
			productType = "com.apple.product-type.application";
		};
		A0987B0019E6FB0D00233ECC /* givemeback-iosTests */ = {
			isa = PBXNativeTarget;
			buildConfigurationList = A0987B0E19E6FB0D00233ECC /* Build configuration list for PBXNativeTarget "givemeback-iosTests" */;
			buildPhases = (
				A0987AFD19E6FB0D00233ECC /* Sources */,
				A0987AFE19E6FB0D00233ECC /* Frameworks */,
				A0987AFF19E6FB0D00233ECC /* Resources */,
			);
			buildRules = (
			);
			dependencies = (
				A0987B0319E6FB0D00233ECC /* PBXTargetDependency */,
			);
			name = "givemeback-iosTests";
			productName = "givemeback-iosTests";
			productReference = A0987B0119E6FB0D00233ECC /* givemeback-iosTests.xctest */;
			productType = "com.apple.product-type.bundle.unit-test";
		};
/* End PBXNativeTarget section */

/* Begin PBXProject section */
		A0987ADD19E6FB0D00233ECC /* Project object */ = {
			isa = PBXProject;
			attributes = {
				LastUpgradeCheck = 0600;
				ORGANIZATIONNAME = "Dataminas Tecnologia e Sistemas";
				TargetAttributes = {
					A0987AE419E6FB0D00233ECC = {
						CreatedOnToolsVersion = 6.0.1;
					};
					A0987B0019E6FB0D00233ECC = {
						CreatedOnToolsVersion = 6.0.1;
						TestTargetID = A0987AE419E6FB0D00233ECC;
					};
				};
			};
			buildConfigurationList = A0987AE019E6FB0D00233ECC /* Build configuration list for PBXProject "givemeback-ios" */;
			compatibilityVersion = "Xcode 3.2";
			developmentRegion = English;
			hasScannedForEncodings = 0;
			knownRegions = (
				en,
				Base,
			);
			mainGroup = A0987ADC19E6FB0D00233ECC;
			productRefGroup = A0987AE619E6FB0D00233ECC /* Products */;
			projectDirPath = "";
			projectRoot = "";
			targets = (
				A0987AE419E6FB0D00233ECC /* givemeback-ios */,
				A0987B0019E6FB0D00233ECC /* givemeback-iosTests */,
			);
		};
/* End PBXProject section */

/* Begin PBXResourcesBuildPhase section */
		A0987AE319E6FB0D00233ECC /* Resources */ = {
			isa = PBXResourcesBuildPhase;
			buildActionMask = 2147483647;
			files = (
				A0987AF719E6FB0D00233ECC /* Main.storyboard in Resources */,
				A0987AFC19E6FB0D00233ECC /* LaunchScreen.xib in Resources */,
				A0987AF919E6FB0D00233ECC /* Images.xcassets in Resources */,
			);
			runOnlyForDeploymentPostprocessing = 0;
		};
		A0987AFF19E6FB0D00233ECC /* Resources */ = {
			isa = PBXResourcesBuildPhase;
			buildActionMask = 2147483647;
			files = (
			);
			runOnlyForDeploymentPostprocessing = 0;
		};
/* End PBXResourcesBuildPhase section */

/* Begin PBXSourcesBuildPhase section */
		A0987AE119E6FB0D00233ECC /* Sources */ = {
			isa = PBXSourcesBuildPhase;
			buildActionMask = 2147483647;
			files = (
				A0987AEE19E6FB0D00233ECC /* AppDelegate.m in Sources */,
				A0987AEB19E6FB0D00233ECC /* main.m in Sources */,
				A0987AF419E6FB0D00233ECC /* ViewController.m in Sources */,
				A0987AF119E6FB0D00233ECC /* givemeback_ios.xcdatamodeld in Sources */,
			);
			runOnlyForDeploymentPostprocessing = 0;
		};
		A0987AFD19E6FB0D00233ECC /* Sources */ = {
			isa = PBXSourcesBuildPhase;
			buildActionMask = 2147483647;
			files = (
				A0987B0819E6FB0D00233ECC /* givemeback_iosTests.m in Sources */,
			);
			runOnlyForDeploymentPostprocessing = 0;
		};
/* End PBXSourcesBuildPhase section */

/* Begin PBXTargetDependency section */
		A0987B0319E6FB0D00233ECC /* PBXTargetDependency */ = {
			isa = PBXTargetDependency;
			target = A0987AE419E6FB0D00233ECC /* givemeback-ios */;
			targetProxy = A0987B0219E6FB0D00233ECC /* PBXContainerItemProxy */;
		};
/* End PBXTargetDependency section */

/* Begin PBXVariantGroup section */
		A0987AF519E6FB0D00233ECC /* Main.storyboard */ = {
			isa = PBXVariantGroup;
			children = (
				A0987AF619E6FB0D00233ECC /* Base */,
			);
			name = Main.storyboard;
			sourceTree = "<group>";
		};
		A0987AFA19E6FB0D00233ECC /* LaunchScreen.xib */ = {
			isa = PBXVariantGroup;
			children = (
				A0987AFB19E6FB0D00233ECC /* Base */,
			);
			name = LaunchScreen.xib;
			sourceTree = "<group>";
		};
/* End PBXVariantGroup section */

/* Begin XCBuildConfiguration section */
		A0987B0919E6FB0D00233ECC /* Debug */ = {
			isa = XCBuildConfiguration;
			buildSettings = {
				ALWAYS_SEARCH_USER_PATHS = NO;
				CLANG_CXX_LANGUAGE_STANDARD = "gnu++0x";
				CLANG_CXX_LIBRARY = "libc++";
				CLANG_ENABLE_MODULES = YES;
				CLANG_ENABLE_OBJC_ARC = YES;
				CLANG_WARN_BOOL_CONVERSION = YES;
				CLANG_WARN_CONSTANT_CONVERSION = YES;
				CLANG_WARN_DIRECT_OBJC_ISA_USAGE = YES_ERROR;
				CLANG_WARN_EMPTY_BODY = YES;
				CLANG_WARN_ENUM_CONVERSION = YES;
				CLANG_WARN_INT_CONVERSION = YES;
				CLANG_WARN_OBJC_ROOT_CLASS = YES_ERROR;
				CLANG_WARN_UNREACHABLE_CODE = YES;
				CLANG_WARN__DUPLICATE_METHOD_MATCH = YES;
				"CODE_SIGN_IDENTITY[sdk=iphoneos*]" = "iPhone Developer";
				COPY_PHASE_STRIP = NO;
				ENABLE_STRICT_OBJC_MSGSEND = YES;
				GCC_C_LANGUAGE_STANDARD = gnu99;
				GCC_DYNAMIC_NO_PIC = NO;
				GCC_OPTIMIZATION_LEVEL = 0;
				GCC_PREPROCESSOR_DEFINITIONS = (
					"DEBUG=1",
					"$(inherited)",
				);
				GCC_SYMBOLS_PRIVATE_EXTERN = NO;
				GCC_WARN_64_TO_32_BIT_CONVERSION = YES;
				GCC_WARN_ABOUT_RETURN_TYPE = YES_ERROR;
				GCC_WARN_UNDECLARED_SELECTOR = YES;
				GCC_WARN_UNINITIALIZED_AUTOS = YES_AGGRESSIVE;
				GCC_WARN_UNUSED_FUNCTION = YES;
				GCC_WARN_UNUSED_VARIABLE = YES;
				IPHONEOS_DEPLOYMENT_TARGET = 8.0;
				MTL_ENABLE_DEBUG_INFO = YES;
				ONLY_ACTIVE_ARCH = YES;
				SDKROOT = iphoneos;
				TARGETED_DEVICE_FAMILY = "1,2";
			};
			name = Debug;
		};
		A0987B0A19E6FB0D00233ECC /* Release */ = {
			isa = XCBuildConfiguration;
			buildSettings = {
				ALWAYS_SEARCH_USER_PATHS = NO;
				CLANG_CXX_LANGUAGE_STANDARD = "gnu++0x";
				CLANG_CXX_LIBRARY = "libc++";
				CLANG_ENABLE_MODULES = YES;
				CLANG_ENABLE_OBJC_ARC = YES;
				CLANG_WARN_BOOL_CONVERSION = YES;
				CLANG_WARN_CONSTANT_CONVERSION = YES;
				CLANG_WARN_DIRECT_OBJC_ISA_USAGE = YES_ERROR;
				CLANG_WARN_EMPTY_BODY = YES;
				CLANG_WARN_ENUM_CONVERSION = YES;
				CLANG_WARN_INT_CONVERSION = YES;
				CLANG_WARN_OBJC_ROOT_CLASS = YES_ERROR;
				CLANG_WARN_UNREACHABLE_CODE = YES;
				CLANG_WARN__DUPLICATE_METHOD_MATCH = YES;
				"CODE_SIGN_IDENTITY[sdk=iphoneos*]" = "iPhone Developer";
				COPY_PHASE_STRIP = YES;
				ENABLE_NS_ASSERTIONS = NO;
				ENABLE_STRICT_OBJC_MSGSEND = YES;
				GCC_C_LANGUAGE_STANDARD = gnu99;
				GCC_WARN_64_TO_32_BIT_CONVERSION = YES;
				GCC_WARN_ABOUT_RETURN_TYPE = YES_ERROR;
				GCC_WARN_UNDECLARED_SELECTOR = YES;
				GCC_WARN_UNINITIALIZED_AUTOS = YES_AGGRESSIVE;
				GCC_WARN_UNUSED_FUNCTION = YES;
				GCC_WARN_UNUSED_VARIABLE = YES;
				IPHONEOS_DEPLOYMENT_TARGET = 8.0;
				MTL_ENABLE_DEBUG_INFO = NO;
				SDKROOT = iphoneos;
				TARGETED_DEVICE_FAMILY = "1,2";
				VALIDATE_PRODUCT = YES;
			};
			name = Release;
		};
		A0987B0C19E6FB0D00233ECC /* Debug */ = {
			isa = XCBuildConfiguration;
			buildSettings = {
				ASSETCATALOG_COMPILER_APPICON_NAME = AppIcon;
				INFOPLIST_FILE = "givemeback-ios/Info.plist";
				LD_RUNPATH_SEARCH_PATHS = "$(inherited) @executable_path/Frameworks";
				PRODUCT_NAME = "$(TARGET_NAME)";
			};
			name = Debug;
		};
		A0987B0D19E6FB0D00233ECC /* Release */ = {
			isa = XCBuildConfiguration;
			buildSettings = {
				ASSETCATALOG_COMPILER_APPICON_NAME = AppIcon;
				INFOPLIST_FILE = "givemeback-ios/Info.plist";
				LD_RUNPATH_SEARCH_PATHS = "$(inherited) @executable_path/Frameworks";
				PRODUCT_NAME = "$(TARGET_NAME)";
			};
			name = Release;
		};
		A0987B0F19E6FB0D00233ECC /* Debug */ = {
			isa = XCBuildConfiguration;
			buildSettings = {
				BUNDLE_LOADER = "$(TEST_HOST)";
				FRAMEWORK_SEARCH_PATHS = (
					"$(SDKROOT)/Developer/Library/Frameworks",
					"$(inherited)",
				);
				GCC_PREPROCESSOR_DEFINITIONS = (
					"DEBUG=1",
					"$(inherited)",
				);
				INFOPLIST_FILE = "givemeback-iosTests/Info.plist";
				LD_RUNPATH_SEARCH_PATHS = "$(inherited) @executable_path/Frameworks @loader_path/Frameworks";
				PRODUCT_NAME = "$(TARGET_NAME)";
				TEST_HOST = "$(BUILT_PRODUCTS_DIR)/givemeback-ios.app/givemeback-ios";
			};
			name = Debug;
		};
		A0987B1019E6FB0D00233ECC /* Release */ = {
			isa = XCBuildConfiguration;
			buildSettings = {
				BUNDLE_LOADER = "$(TEST_HOST)";
				FRAMEWORK_SEARCH_PATHS = (
					"$(SDKROOT)/Developer/Library/Frameworks",
					"$(inherited)",
				);
				INFOPLIST_FILE = "givemeback-iosTests/Info.plist";
				LD_RUNPATH_SEARCH_PATHS = "$(inherited) @executable_path/Frameworks @loader_path/Frameworks";
				PRODUCT_NAME = "$(TARGET_NAME)";
				TEST_HOST = "$(BUILT_PRODUCTS_DIR)/givemeback-ios.app/givemeback-ios";
			};
			name = Release;
		};
/* End XCBuildConfiguration section */

/* Begin XCConfigurationList section */
		A0987AE019E6FB0D00233ECC /* Build configuration list for PBXProject "givemeback-ios" */ = {
			isa = XCConfigurationList;
			buildConfigurations = (
				A0987B0919E6FB0D00233ECC /* Debug */,
				A0987B0A19E6FB0D00233ECC /* Release */,
			);
			defaultConfigurationIsVisible = 0;
			defaultConfigurationName = Release;
		};
		A0987B0B19E6FB0D00233ECC /* Build configuration list for PBXNativeTarget "givemeback-ios" */ = {
			isa = XCConfigurationList;
			buildConfigurations = (
				A0987B0C19E6FB0D00233ECC /* Debug */,
				A0987B0D19E6FB0D00233ECC /* Release */,
			);
			defaultConfigurationIsVisible = 0;
		};
		A0987B0E19E6FB0D00233ECC /* Build configuration list for PBXNativeTarget "givemeback-iosTests" */ = {
			isa = XCConfigurationList;
			buildConfigurations = (
				A0987B0F19E6FB0D00233ECC /* Debug */,
				A0987B1019E6FB0D00233ECC /* Release */,
			);
			defaultConfigurationIsVisible = 0;
		};
/* End XCConfigurationList section */

/* Begin XCVersionGroup section */
		A0987AEF19E6FB0D00233ECC /* givemeback_ios.xcdatamodeld */ = {
			isa = XCVersionGroup;
			children = (
				A0987AF019E6FB0D00233ECC /* givemeback_ios.xcdatamodel */,
			);
			currentVersion = A0987AF019E6FB0D00233ECC /* givemeback_ios.xcdatamodel */;
			path = givemeback_ios.xcdatamodeld;
			sourceTree = "<group>";
			versionGroupType = wrapper.xcdatamodel;
		};
/* End XCVersionGroup section */
	};
	rootObject = A0987ADD19E6FB0D00233ECC /* Project object */;
}
