<?xml version="1.0" encoding="UTF-8"?>
<!DOCTYPE plist PUBLIC "-//Apple//DTD PLIST 1.0//EN" "http://www.apple.com/DTDs/PropertyList-1.0.dtd">
<plist version="1.0">
<dict>
	<key>archiveVersion</key>
	<string>1</string>
	<key>classes</key>
	<dict/>
	<key>objectVersion</key>
	<string>46</string>
	<key>objects</key>
	<dict>
		<key>8B4005F8D1107985CBE2F9CB</key>
		<dict>
			<key>fileRef</key>
			<string>A4A3613CCA2F41891394EE36</string>
			<key>isa</key>
			<string>PBXBuildFile</string>
		</dict>
		<key>8BE13FABB6C49DA778CCA6EA</key>
		<dict>
			<key>children</key>
			<array>
				<string>A88E12076C3E4488644347CA</string>
				<string>FA57BB1A68DDCC7AAD4D19E8</string>
			</array>
			<key>isa</key>
			<string>PBXGroup</string>
			<key>name</key>
			<string>Pods</string>
			<key>sourceTree</key>
			<string>&lt;group&gt;</string>
		</dict>
		<key>A0987ADC19E6FB0D00233ECC</key>
		<dict>
			<key>children</key>
			<array>
				<string>A0987AE719E6FB0D00233ECC</string>
				<string>A0987B0419E6FB0D00233ECC</string>
				<string>A0987AE619E6FB0D00233ECC</string>
				<string>8BE13FABB6C49DA778CCA6EA</string>
				<string>F2D67BC9B28BC4964D53A529</string>
			</array>
			<key>isa</key>
			<string>PBXGroup</string>
			<key>sourceTree</key>
			<string>&lt;group&gt;</string>
		</dict>
		<key>A0987ADD19E6FB0D00233ECC</key>
		<dict>
			<key>attributes</key>
			<dict>
				<key>LastUpgradeCheck</key>
				<string>0600</string>
				<key>ORGANIZATIONNAME</key>
				<string>Dataminas Tecnologia e Sistemas</string>
				<key>TargetAttributes</key>
				<dict>
					<key>A0987AE419E6FB0D00233ECC</key>
					<dict>
						<key>CreatedOnToolsVersion</key>
						<string>6.0.1</string>
					</dict>
					<key>A0987B0019E6FB0D00233ECC</key>
					<dict>
						<key>CreatedOnToolsVersion</key>
						<string>6.0.1</string>
						<key>TestTargetID</key>
						<string>A0987AE419E6FB0D00233ECC</string>
					</dict>
				</dict>
			</dict>
			<key>buildConfigurationList</key>
			<string>A0987AE019E6FB0D00233ECC</string>
			<key>compatibilityVersion</key>
			<string>Xcode 3.2</string>
			<key>developmentRegion</key>
			<string>English</string>
			<key>hasScannedForEncodings</key>
			<string>0</string>
			<key>isa</key>
			<string>PBXProject</string>
			<key>knownRegions</key>
			<array>
				<string>en</string>
				<string>Base</string>
			</array>
			<key>mainGroup</key>
			<string>A0987ADC19E6FB0D00233ECC</string>
			<key>productRefGroup</key>
			<string>A0987AE619E6FB0D00233ECC</string>
			<key>projectDirPath</key>
			<string></string>
			<key>projectReferences</key>
			<array/>
			<key>projectRoot</key>
			<string></string>
			<key>targets</key>
			<array>
				<string>A0987AE419E6FB0D00233ECC</string>
				<string>A0987B0019E6FB0D00233ECC</string>
			</array>
		</dict>
		<key>A0987AE019E6FB0D00233ECC</key>
		<dict>
			<key>buildConfigurations</key>
			<array>
				<string>A0987B0919E6FB0D00233ECC</string>
				<string>A0987B0A19E6FB0D00233ECC</string>
			</array>
			<key>defaultConfigurationIsVisible</key>
			<string>0</string>
			<key>defaultConfigurationName</key>
			<string>Release</string>
			<key>isa</key>
			<string>XCConfigurationList</string>
		</dict>
		<key>A0987AE119E6FB0D00233ECC</key>
		<dict>
			<key>buildActionMask</key>
			<string>2147483647</string>
			<key>files</key>
			<array>
				<string>A0987AEE19E6FB0D00233ECC</string>
				<string>A0987AEB19E6FB0D00233ECC</string>
				<string>A0987AF419E6FB0D00233ECC</string>
				<string>A0987AF119E6FB0D00233ECC</string>
			</array>
			<key>isa</key>
			<string>PBXSourcesBuildPhase</string>
			<key>runOnlyForDeploymentPostprocessing</key>
			<string>0</string>
		</dict>
		<key>A0987AE219E6FB0D00233ECC</key>
		<dict>
			<key>buildActionMask</key>
			<string>2147483647</string>
			<key>files</key>
			<array>
				<string>8B4005F8D1107985CBE2F9CB</string>
			</array>
			<key>isa</key>
			<string>PBXFrameworksBuildPhase</string>
			<key>runOnlyForDeploymentPostprocessing</key>
			<string>0</string>
		</dict>
		<key>A0987AE319E6FB0D00233ECC</key>
		<dict>
			<key>buildActionMask</key>
			<string>2147483647</string>
			<key>files</key>
			<array>
				<string>A0987AF719E6FB0D00233ECC</string>
				<string>A0987AFC19E6FB0D00233ECC</string>
				<string>A0987AF919E6FB0D00233ECC</string>
			</array>
			<key>isa</key>
			<string>PBXResourcesBuildPhase</string>
			<key>runOnlyForDeploymentPostprocessing</key>
			<string>0</string>
		</dict>
		<key>A0987AE419E6FB0D00233ECC</key>
		<dict>
			<key>buildConfigurationList</key>
			<string>A0987B0B19E6FB0D00233ECC</string>
			<key>buildPhases</key>
			<array>
				<string>FEBBE47B90463B6103F97E00</string>
				<string>A0987AE119E6FB0D00233ECC</string>
				<string>A0987AE219E6FB0D00233ECC</string>
				<string>A0987AE319E6FB0D00233ECC</string>
				<string>C9CA9F45F92552AB02D2A797</string>
			</array>
			<key>buildRules</key>
			<array/>
			<key>dependencies</key>
			<array/>
			<key>isa</key>
			<string>PBXNativeTarget</string>
			<key>name</key>
			<string>givemeback-ios</string>
			<key>productName</key>
			<string>givemeback-ios</string>
			<key>productReference</key>
			<string>A0987AE519E6FB0D00233ECC</string>
			<key>productType</key>
			<string>com.apple.product-type.application</string>
		</dict>
		<key>A0987AE519E6FB0D00233ECC</key>
		<dict>
			<key>explicitFileType</key>
			<string>wrapper.application</string>
			<key>includeInIndex</key>
			<string>0</string>
			<key>isa</key>
			<string>PBXFileReference</string>
			<key>path</key>
			<string>givemeback-ios.app</string>
			<key>sourceTree</key>
			<string>BUILT_PRODUCTS_DIR</string>
		</dict>
		<key>A0987AE619E6FB0D00233ECC</key>
		<dict>
			<key>children</key>
			<array>
				<string>A0987AE519E6FB0D00233ECC</string>
				<string>A0987B0119E6FB0D00233ECC</string>
			</array>
			<key>isa</key>
			<string>PBXGroup</string>
			<key>name</key>
			<string>Products</string>
			<key>sourceTree</key>
			<string>&lt;group&gt;</string>
		</dict>
		<key>A0987AE719E6FB0D00233ECC</key>
		<dict>
			<key>children</key>
			<array>
				<string>A0987AEC19E6FB0D00233ECC</string>
				<string>A0987AED19E6FB0D00233ECC</string>
				<string>A0987AF219E6FB0D00233ECC</string>
				<string>A0987AF319E6FB0D00233ECC</string>
				<string>A0987AF519E6FB0D00233ECC</string>
				<string>A0987AF819E6FB0D00233ECC</string>
				<string>A0987AFA19E6FB0D00233ECC</string>
				<string>A0987AEF19E6FB0D00233ECC</string>
				<string>A0987AE819E6FB0D00233ECC</string>
			</array>
			<key>isa</key>
			<string>PBXGroup</string>
			<key>path</key>
			<string>givemeback-ios</string>
			<key>sourceTree</key>
			<string>&lt;group&gt;</string>
		</dict>
		<key>A0987AE819E6FB0D00233ECC</key>
		<dict>
			<key>children</key>
			<array>
				<string>A0987AE919E6FB0D00233ECC</string>
				<string>A0987AEA19E6FB0D00233ECC</string>
			</array>
			<key>isa</key>
			<string>PBXGroup</string>
			<key>name</key>
			<string>Supporting Files</string>
			<key>sourceTree</key>
			<string>&lt;group&gt;</string>
		</dict>
		<key>A0987AE919E6FB0D00233ECC</key>
		<dict>
			<key>isa</key>
			<string>PBXFileReference</string>
			<key>lastKnownFileType</key>
			<string>text.plist.xml</string>
			<key>path</key>
			<string>Info.plist</string>
			<key>sourceTree</key>
			<string>&lt;group&gt;</string>
		</dict>
		<key>A0987AEA19E6FB0D00233ECC</key>
		<dict>
			<key>isa</key>
			<string>PBXFileReference</string>
			<key>lastKnownFileType</key>
			<string>sourcecode.c.objc</string>
			<key>path</key>
			<string>main.m</string>
			<key>sourceTree</key>
			<string>&lt;group&gt;</string>
		</dict>
		<key>A0987AEB19E6FB0D00233ECC</key>
		<dict>
			<key>fileRef</key>
			<string>A0987AEA19E6FB0D00233ECC</string>
			<key>isa</key>
			<string>PBXBuildFile</string>
		</dict>
		<key>A0987AEC19E6FB0D00233ECC</key>
		<dict>
			<key>isa</key>
			<string>PBXFileReference</string>
			<key>lastKnownFileType</key>
			<string>sourcecode.c.h</string>
			<key>path</key>
			<string>AppDelegate.h</string>
			<key>sourceTree</key>
			<string>&lt;group&gt;</string>
		</dict>
		<key>A0987AED19E6FB0D00233ECC</key>
		<dict>
			<key>isa</key>
			<string>PBXFileReference</string>
			<key>lastKnownFileType</key>
			<string>sourcecode.c.objc</string>
			<key>path</key>
			<string>AppDelegate.m</string>
			<key>sourceTree</key>
			<string>&lt;group&gt;</string>
		</dict>
		<key>A0987AEE19E6FB0D00233ECC</key>
		<dict>
			<key>fileRef</key>
			<string>A0987AED19E6FB0D00233ECC</string>
			<key>isa</key>
			<string>PBXBuildFile</string>
		</dict>
		<key>A0987AEF19E6FB0D00233ECC</key>
		<dict>
			<key>children</key>
			<array>
				<string>A0987AF019E6FB0D00233ECC</string>
			</array>
			<key>currentVersion</key>
			<string>A0987AF019E6FB0D00233ECC</string>
			<key>isa</key>
			<string>XCVersionGroup</string>
			<key>path</key>
			<string>givemeback_ios.xcdatamodeld</string>
			<key>sourceTree</key>
			<string>&lt;group&gt;</string>
			<key>versionGroupType</key>
			<string>wrapper.xcdatamodel</string>
		</dict>
		<key>A0987AF019E6FB0D00233ECC</key>
		<dict>
			<key>isa</key>
			<string>PBXFileReference</string>
			<key>lastKnownFileType</key>
			<string>wrapper.xcdatamodel</string>
			<key>path</key>
			<string>givemeback_ios.xcdatamodel</string>
			<key>sourceTree</key>
			<string>&lt;group&gt;</string>
		</dict>
		<key>A0987AF119E6FB0D00233ECC</key>
		<dict>
			<key>fileRef</key>
			<string>A0987AEF19E6FB0D00233ECC</string>
			<key>isa</key>
			<string>PBXBuildFile</string>
		</dict>
		<key>A0987AF219E6FB0D00233ECC</key>
		<dict>
			<key>isa</key>
			<string>PBXFileReference</string>
			<key>lastKnownFileType</key>
			<string>sourcecode.c.h</string>
			<key>path</key>
			<string>ViewController.h</string>
			<key>sourceTree</key>
			<string>&lt;group&gt;</string>
		</dict>
		<key>A0987AF319E6FB0D00233ECC</key>
		<dict>
			<key>isa</key>
			<string>PBXFileReference</string>
			<key>lastKnownFileType</key>
			<string>sourcecode.c.objc</string>
			<key>path</key>
			<string>ViewController.m</string>
			<key>sourceTree</key>
			<string>&lt;group&gt;</string>
		</dict>
		<key>A0987AF419E6FB0D00233ECC</key>
		<dict>
			<key>fileRef</key>
			<string>A0987AF319E6FB0D00233ECC</string>
			<key>isa</key>
			<string>PBXBuildFile</string>
		</dict>
		<key>A0987AF519E6FB0D00233ECC</key>
		<dict>
			<key>children</key>
			<array>
				<string>A0987AF619E6FB0D00233ECC</string>
			</array>
			<key>isa</key>
			<string>PBXVariantGroup</string>
			<key>name</key>
			<string>Main.storyboard</string>
			<key>sourceTree</key>
			<string>&lt;group&gt;</string>
		</dict>
		<key>A0987AF619E6FB0D00233ECC</key>
		<dict>
			<key>isa</key>
			<string>PBXFileReference</string>
			<key>lastKnownFileType</key>
			<string>file.storyboard</string>
			<key>name</key>
			<string>Base</string>
			<key>path</key>
			<string>Base.lproj/Main.storyboard</string>
			<key>sourceTree</key>
			<string>&lt;group&gt;</string>
		</dict>
		<key>A0987AF719E6FB0D00233ECC</key>
		<dict>
			<key>fileRef</key>
			<string>A0987AF519E6FB0D00233ECC</string>
			<key>isa</key>
			<string>PBXBuildFile</string>
		</dict>
		<key>A0987AF819E6FB0D00233ECC</key>
		<dict>
			<key>isa</key>
			<string>PBXFileReference</string>
			<key>lastKnownFileType</key>
			<string>folder.assetcatalog</string>
			<key>path</key>
			<string>Images.xcassets</string>
			<key>sourceTree</key>
			<string>&lt;group&gt;</string>
		</dict>
		<key>A0987AF919E6FB0D00233ECC</key>
		<dict>
			<key>fileRef</key>
			<string>A0987AF819E6FB0D00233ECC</string>
			<key>isa</key>
			<string>PBXBuildFile</string>
		</dict>
		<key>A0987AFA19E6FB0D00233ECC</key>
		<dict>
			<key>children</key>
			<array>
				<string>A0987AFB19E6FB0D00233ECC</string>
			</array>
			<key>isa</key>
			<string>PBXVariantGroup</string>
			<key>name</key>
			<string>LaunchScreen.xib</string>
			<key>sourceTree</key>
			<string>&lt;group&gt;</string>
		</dict>
		<key>A0987AFB19E6FB0D00233ECC</key>
		<dict>
			<key>isa</key>
			<string>PBXFileReference</string>
			<key>lastKnownFileType</key>
			<string>file.xib</string>
			<key>name</key>
			<string>Base</string>
			<key>path</key>
			<string>Base.lproj/LaunchScreen.xib</string>
			<key>sourceTree</key>
			<string>&lt;group&gt;</string>
		</dict>
		<key>A0987AFC19E6FB0D00233ECC</key>
		<dict>
			<key>fileRef</key>
			<string>A0987AFA19E6FB0D00233ECC</string>
			<key>isa</key>
			<string>PBXBuildFile</string>
		</dict>
		<key>A0987AFD19E6FB0D00233ECC</key>
		<dict>
			<key>buildActionMask</key>
			<string>2147483647</string>
			<key>files</key>
			<array>
				<string>A0987B0819E6FB0D00233ECC</string>
			</array>
			<key>isa</key>
			<string>PBXSourcesBuildPhase</string>
			<key>runOnlyForDeploymentPostprocessing</key>
			<string>0</string>
		</dict>
		<key>A0987AFE19E6FB0D00233ECC</key>
		<dict>
			<key>buildActionMask</key>
			<string>2147483647</string>
			<key>files</key>
			<array/>
			<key>isa</key>
			<string>PBXFrameworksBuildPhase</string>
			<key>runOnlyForDeploymentPostprocessing</key>
			<string>0</string>
		</dict>
		<key>A0987AFF19E6FB0D00233ECC</key>
		<dict>
			<key>buildActionMask</key>
			<string>2147483647</string>
			<key>files</key>
			<array/>
			<key>isa</key>
			<string>PBXResourcesBuildPhase</string>
			<key>runOnlyForDeploymentPostprocessing</key>
			<string>0</string>
		</dict>
		<key>A0987B0019E6FB0D00233ECC</key>
		<dict>
			<key>buildConfigurationList</key>
			<string>A0987B0E19E6FB0D00233ECC</string>
			<key>buildPhases</key>
			<array>
				<string>A0987AFD19E6FB0D00233ECC</string>
				<string>A0987AFE19E6FB0D00233ECC</string>
				<string>A0987AFF19E6FB0D00233ECC</string>
			</array>
			<key>buildRules</key>
			<array/>
			<key>dependencies</key>
			<array>
				<string>A0987B0319E6FB0D00233ECC</string>
			</array>
			<key>isa</key>
			<string>PBXNativeTarget</string>
			<key>name</key>
			<string>givemeback-iosTests</string>
			<key>productName</key>
			<string>givemeback-iosTests</string>
			<key>productReference</key>
			<string>A0987B0119E6FB0D00233ECC</string>
			<key>productType</key>
			<string>com.apple.product-type.bundle.unit-test</string>
		</dict>
		<key>A0987B0119E6FB0D00233ECC</key>
		<dict>
			<key>explicitFileType</key>
			<string>wrapper.cfbundle</string>
			<key>includeInIndex</key>
			<string>0</string>
			<key>isa</key>
			<string>PBXFileReference</string>
			<key>path</key>
			<string>givemeback-iosTests.xctest</string>
			<key>sourceTree</key>
			<string>BUILT_PRODUCTS_DIR</string>
		</dict>
		<key>A0987B0219E6FB0D00233ECC</key>
		<dict>
			<key>containerPortal</key>
			<string>A0987ADD19E6FB0D00233ECC</string>
			<key>isa</key>
			<string>PBXContainerItemProxy</string>
			<key>proxyType</key>
			<string>1</string>
			<key>remoteGlobalIDString</key>
			<string>A0987AE419E6FB0D00233ECC</string>
			<key>remoteInfo</key>
			<string>givemeback-ios</string>
		</dict>
		<key>A0987B0319E6FB0D00233ECC</key>
		<dict>
			<key>isa</key>
			<string>PBXTargetDependency</string>
			<key>target</key>
			<string>A0987AE419E6FB0D00233ECC</string>
			<key>targetProxy</key>
			<string>A0987B0219E6FB0D00233ECC</string>
		</dict>
		<key>A0987B0419E6FB0D00233ECC</key>
		<dict>
			<key>children</key>
			<array>
				<string>A0987B0719E6FB0D00233ECC</string>
				<string>A0987B0519E6FB0D00233ECC</string>
			</array>
			<key>isa</key>
			<string>PBXGroup</string>
			<key>path</key>
			<string>givemeback-iosTests</string>
			<key>sourceTree</key>
			<string>&lt;group&gt;</string>
		</dict>
		<key>A0987B0519E6FB0D00233ECC</key>
		<dict>
			<key>children</key>
			<array>
				<string>A0987B0619E6FB0D00233ECC</string>
			</array>
			<key>isa</key>
			<string>PBXGroup</string>
			<key>name</key>
			<string>Supporting Files</string>
			<key>sourceTree</key>
			<string>&lt;group&gt;</string>
		</dict>
		<key>A0987B0619E6FB0D00233ECC</key>
		<dict>
			<key>isa</key>
			<string>PBXFileReference</string>
			<key>lastKnownFileType</key>
			<string>text.plist.xml</string>
			<key>path</key>
			<string>Info.plist</string>
			<key>sourceTree</key>
			<string>&lt;group&gt;</string>
		</dict>
		<key>A0987B0719E6FB0D00233ECC</key>
		<dict>
			<key>isa</key>
			<string>PBXFileReference</string>
			<key>lastKnownFileType</key>
			<string>sourcecode.c.objc</string>
			<key>path</key>
			<string>givemeback_iosTests.m</string>
			<key>sourceTree</key>
			<string>&lt;group&gt;</string>
		</dict>
		<key>A0987B0819E6FB0D00233ECC</key>
		<dict>
			<key>fileRef</key>
			<string>A0987B0719E6FB0D00233ECC</string>
			<key>isa</key>
			<string>PBXBuildFile</string>
		</dict>
		<key>A0987B0919E6FB0D00233ECC</key>
		<dict>
			<key>buildSettings</key>
			<dict>
				<key>ALWAYS_SEARCH_USER_PATHS</key>
				<string>NO</string>
				<key>CLANG_CXX_LANGUAGE_STANDARD</key>
				<string>gnu++0x</string>
				<key>CLANG_CXX_LIBRARY</key>
				<string>libc++</string>
				<key>CLANG_ENABLE_MODULES</key>
				<string>YES</string>
				<key>CLANG_ENABLE_OBJC_ARC</key>
				<string>YES</string>
				<key>CLANG_WARN_BOOL_CONVERSION</key>
				<string>YES</string>
				<key>CLANG_WARN_CONSTANT_CONVERSION</key>
				<string>YES</string>
				<key>CLANG_WARN_DIRECT_OBJC_ISA_USAGE</key>
				<string>YES_ERROR</string>
				<key>CLANG_WARN_EMPTY_BODY</key>
				<string>YES</string>
				<key>CLANG_WARN_ENUM_CONVERSION</key>
				<string>YES</string>
				<key>CLANG_WARN_INT_CONVERSION</key>
				<string>YES</string>
				<key>CLANG_WARN_OBJC_ROOT_CLASS</key>
				<string>YES_ERROR</string>
				<key>CLANG_WARN_UNREACHABLE_CODE</key>
				<string>YES</string>
				<key>CLANG_WARN__DUPLICATE_METHOD_MATCH</key>
				<string>YES</string>
				<key>CODE_SIGN_IDENTITY[sdk=iphoneos*]</key>
				<string>iPhone Developer</string>
				<key>COPY_PHASE_STRIP</key>
				<string>NO</string>
				<key>ENABLE_STRICT_OBJC_MSGSEND</key>
				<string>YES</string>
				<key>GCC_C_LANGUAGE_STANDARD</key>
				<string>gnu99</string>
				<key>GCC_DYNAMIC_NO_PIC</key>
				<string>NO</string>
				<key>GCC_OPTIMIZATION_LEVEL</key>
				<string>0</string>
				<key>GCC_PREPROCESSOR_DEFINITIONS</key>
				<array>
					<string>DEBUG=1</string>
					<string>$(inherited)</string>
				</array>
				<key>GCC_SYMBOLS_PRIVATE_EXTERN</key>
				<string>NO</string>
				<key>GCC_WARN_64_TO_32_BIT_CONVERSION</key>
				<string>YES</string>
				<key>GCC_WARN_ABOUT_RETURN_TYPE</key>
				<string>YES_ERROR</string>
				<key>GCC_WARN_UNDECLARED_SELECTOR</key>
				<string>YES</string>
				<key>GCC_WARN_UNINITIALIZED_AUTOS</key>
				<string>YES_AGGRESSIVE</string>
				<key>GCC_WARN_UNUSED_FUNCTION</key>
				<string>YES</string>
				<key>GCC_WARN_UNUSED_VARIABLE</key>
				<string>YES</string>
				<key>IPHONEOS_DEPLOYMENT_TARGET</key>
				<string>8.0</string>
				<key>MTL_ENABLE_DEBUG_INFO</key>
				<string>YES</string>
				<key>ONLY_ACTIVE_ARCH</key>
				<string>YES</string>
				<key>SDKROOT</key>
				<string>iphoneos</string>
				<key>TARGETED_DEVICE_FAMILY</key>
				<string>1,2</string>
			</dict>
			<key>isa</key>
			<string>XCBuildConfiguration</string>
			<key>name</key>
			<string>Debug</string>
		</dict>
		<key>A0987B0A19E6FB0D00233ECC</key>
		<dict>
			<key>buildSettings</key>
			<dict>
				<key>ALWAYS_SEARCH_USER_PATHS</key>
				<string>NO</string>
				<key>CLANG_CXX_LANGUAGE_STANDARD</key>
				<string>gnu++0x</string>
				<key>CLANG_CXX_LIBRARY</key>
				<string>libc++</string>
				<key>CLANG_ENABLE_MODULES</key>
				<string>YES</string>
				<key>CLANG_ENABLE_OBJC_ARC</key>
				<string>YES</string>
				<key>CLANG_WARN_BOOL_CONVERSION</key>
				<string>YES</string>
				<key>CLANG_WARN_CONSTANT_CONVERSION</key>
				<string>YES</string>
				<key>CLANG_WARN_DIRECT_OBJC_ISA_USAGE</key>
				<string>YES_ERROR</string>
				<key>CLANG_WARN_EMPTY_BODY</key>
				<string>YES</string>
				<key>CLANG_WARN_ENUM_CONVERSION</key>
				<string>YES</string>
				<key>CLANG_WARN_INT_CONVERSION</key>
				<string>YES</string>
				<key>CLANG_WARN_OBJC_ROOT_CLASS</key>
				<string>YES_ERROR</string>
				<key>CLANG_WARN_UNREACHABLE_CODE</key>
				<string>YES</string>
				<key>CLANG_WARN__DUPLICATE_METHOD_MATCH</key>
				<string>YES</string>
				<key>CODE_SIGN_IDENTITY[sdk=iphoneos*]</key>
				<string>iPhone Developer</string>
				<key>COPY_PHASE_STRIP</key>
				<string>YES</string>
				<key>ENABLE_NS_ASSERTIONS</key>
				<string>NO</string>
				<key>ENABLE_STRICT_OBJC_MSGSEND</key>
				<string>YES</string>
				<key>GCC_C_LANGUAGE_STANDARD</key>
				<string>gnu99</string>
				<key>GCC_WARN_64_TO_32_BIT_CONVERSION</key>
				<string>YES</string>
				<key>GCC_WARN_ABOUT_RETURN_TYPE</key>
				<string>YES_ERROR</string>
				<key>GCC_WARN_UNDECLARED_SELECTOR</key>
				<string>YES</string>
				<key>GCC_WARN_UNINITIALIZED_AUTOS</key>
				<string>YES_AGGRESSIVE</string>
				<key>GCC_WARN_UNUSED_FUNCTION</key>
				<string>YES</string>
				<key>GCC_WARN_UNUSED_VARIABLE</key>
				<string>YES</string>
				<key>IPHONEOS_DEPLOYMENT_TARGET</key>
				<string>8.0</string>
				<key>MTL_ENABLE_DEBUG_INFO</key>
				<string>NO</string>
				<key>SDKROOT</key>
				<string>iphoneos</string>
				<key>TARGETED_DEVICE_FAMILY</key>
				<string>1,2</string>
				<key>VALIDATE_PRODUCT</key>
				<string>YES</string>
			</dict>
			<key>isa</key>
			<string>XCBuildConfiguration</string>
			<key>name</key>
			<string>Release</string>
		</dict>
		<key>A0987B0B19E6FB0D00233ECC</key>
		<dict>
			<key>buildConfigurations</key>
			<array>
				<string>A0987B0C19E6FB0D00233ECC</string>
				<string>A0987B0D19E6FB0D00233ECC</string>
			</array>
			<key>defaultConfigurationIsVisible</key>
			<string>0</string>
			<key>isa</key>
			<string>XCConfigurationList</string>
		</dict>
		<key>A0987B0C19E6FB0D00233ECC</key>
		<dict>
			<key>baseConfigurationReference</key>
			<string>A88E12076C3E4488644347CA</string>
			<key>buildSettings</key>
			<dict>
				<key>ASSETCATALOG_COMPILER_APPICON_NAME</key>
				<string>AppIcon</string>
				<key>INFOPLIST_FILE</key>
				<string>givemeback-ios/Info.plist</string>
				<key>LD_RUNPATH_SEARCH_PATHS</key>
				<string>$(inherited) @executable_path/Frameworks</string>
				<key>PRODUCT_NAME</key>
				<string>$(TARGET_NAME)</string>
			</dict>
			<key>isa</key>
			<string>XCBuildConfiguration</string>
			<key>name</key>
			<string>Debug</string>
		</dict>
		<key>A0987B0D19E6FB0D00233ECC</key>
		<dict>
			<key>baseConfigurationReference</key>
			<string>FA57BB1A68DDCC7AAD4D19E8</string>
			<key>buildSettings</key>
			<dict>
				<key>ASSETCATALOG_COMPILER_APPICON_NAME</key>
				<string>AppIcon</string>
				<key>INFOPLIST_FILE</key>
				<string>givemeback-ios/Info.plist</string>
				<key>LD_RUNPATH_SEARCH_PATHS</key>
				<string>$(inherited) @executable_path/Frameworks</string>
				<key>PRODUCT_NAME</key>
				<string>$(TARGET_NAME)</string>
			</dict>
			<key>isa</key>
			<string>XCBuildConfiguration</string>
			<key>name</key>
			<string>Release</string>
		</dict>
		<key>A0987B0E19E6FB0D00233ECC</key>
		<dict>
			<key>buildConfigurations</key>
			<array>
				<string>A0987B0F19E6FB0D00233ECC</string>
				<string>A0987B1019E6FB0D00233ECC</string>
			</array>
			<key>defaultConfigurationIsVisible</key>
			<string>0</string>
			<key>isa</key>
			<string>XCConfigurationList</string>
		</dict>
		<key>A0987B0F19E6FB0D00233ECC</key>
		<dict>
			<key>buildSettings</key>
			<dict>
				<key>BUNDLE_LOADER</key>
				<string>$(TEST_HOST)</string>
				<key>FRAMEWORK_SEARCH_PATHS</key>
				<array>
					<string>$(SDKROOT)/Developer/Library/Frameworks</string>
					<string>$(inherited)</string>
				</array>
				<key>GCC_PREPROCESSOR_DEFINITIONS</key>
				<array>
					<string>DEBUG=1</string>
					<string>$(inherited)</string>
				</array>
				<key>INFOPLIST_FILE</key>
				<string>givemeback-iosTests/Info.plist</string>
				<key>LD_RUNPATH_SEARCH_PATHS</key>
				<string>$(inherited) @executable_path/Frameworks @loader_path/Frameworks</string>
				<key>PRODUCT_NAME</key>
				<string>$(TARGET_NAME)</string>
				<key>TEST_HOST</key>
				<string>$(BUILT_PRODUCTS_DIR)/givemeback-ios.app/givemeback-ios</string>
			</dict>
			<key>isa</key>
			<string>XCBuildConfiguration</string>
			<key>name</key>
			<string>Debug</string>
		</dict>
		<key>A0987B1019E6FB0D00233ECC</key>
		<dict>
			<key>buildSettings</key>
			<dict>
				<key>BUNDLE_LOADER</key>
				<string>$(TEST_HOST)</string>
				<key>FRAMEWORK_SEARCH_PATHS</key>
				<array>
					<string>$(SDKROOT)/Developer/Library/Frameworks</string>
					<string>$(inherited)</string>
				</array>
				<key>INFOPLIST_FILE</key>
				<string>givemeback-iosTests/Info.plist</string>
				<key>LD_RUNPATH_SEARCH_PATHS</key>
				<string>$(inherited) @executable_path/Frameworks @loader_path/Frameworks</string>
				<key>PRODUCT_NAME</key>
				<string>$(TARGET_NAME)</string>
				<key>TEST_HOST</key>
				<string>$(BUILT_PRODUCTS_DIR)/givemeback-ios.app/givemeback-ios</string>
			</dict>
			<key>isa</key>
			<string>XCBuildConfiguration</string>
			<key>name</key>
			<string>Release</string>
		</dict>
		<key>A4A3613CCA2F41891394EE36</key>
		<dict>
			<key>explicitFileType</key>
			<string>archive.ar</string>
			<key>includeInIndex</key>
			<string>0</string>
			<key>isa</key>
			<string>PBXFileReference</string>
			<key>path</key>
			<string>libPods-givemeback-ios.a</string>
			<key>sourceTree</key>
			<string>BUILT_PRODUCTS_DIR</string>
		</dict>
		<key>A88E12076C3E4488644347CA</key>
		<dict>
			<key>includeInIndex</key>
			<string>1</string>
			<key>isa</key>
			<string>PBXFileReference</string>
			<key>lastKnownFileType</key>
			<string>text.xcconfig</string>
			<key>name</key>
			<string>Pods-givemeback-ios.debug.xcconfig</string>
			<key>path</key>
			<string>Pods/Target Support Files/Pods-givemeback-ios/Pods-givemeback-ios.debug.xcconfig</string>
			<key>sourceTree</key>
			<string>&lt;group&gt;</string>
		</dict>
		<key>C9CA9F45F92552AB02D2A797</key>
		<dict>
			<key>buildActionMask</key>
			<string>2147483647</string>
			<key>files</key>
			<array/>
			<key>inputPaths</key>
			<array/>
			<key>isa</key>
			<string>PBXShellScriptBuildPhase</string>
			<key>name</key>
			<string>Copy Pods Resources</string>
			<key>outputPaths</key>
			<array/>
			<key>runOnlyForDeploymentPostprocessing</key>
			<string>0</string>
			<key>shellPath</key>
			<string>/bin/sh</string>
			<key>shellScript</key>
			<string>"${SRCROOT}/Pods/Target Support Files/Pods-givemeback-ios/Pods-givemeback-ios-resources.sh"
</string>
			<key>showEnvVarsInLog</key>
			<string>0</string>
		</dict>
		<key>F2D67BC9B28BC4964D53A529</key>
		<dict>
			<key>children</key>
			<array>
				<string>A4A3613CCA2F41891394EE36</string>
			</array>
			<key>isa</key>
			<string>PBXGroup</string>
			<key>name</key>
			<string>Frameworks</string>
			<key>sourceTree</key>
			<string>&lt;group&gt;</string>
		</dict>
		<key>FA57BB1A68DDCC7AAD4D19E8</key>
		<dict>
			<key>includeInIndex</key>
			<string>1</string>
			<key>isa</key>
			<string>PBXFileReference</string>
			<key>lastKnownFileType</key>
			<string>text.xcconfig</string>
			<key>name</key>
			<string>Pods-givemeback-ios.release.xcconfig</string>
			<key>path</key>
			<string>Pods/Target Support Files/Pods-givemeback-ios/Pods-givemeback-ios.release.xcconfig</string>
			<key>sourceTree</key>
			<string>&lt;group&gt;</string>
		</dict>
		<key>FEBBE47B90463B6103F97E00</key>
		<dict>
			<key>buildActionMask</key>
			<string>2147483647</string>
			<key>files</key>
			<array/>
			<key>inputPaths</key>
			<array/>
			<key>isa</key>
			<string>PBXShellScriptBuildPhase</string>
			<key>name</key>
			<string>Check Pods Manifest.lock</string>
			<key>outputPaths</key>
			<array/>
			<key>runOnlyForDeploymentPostprocessing</key>
			<string>0</string>
			<key>shellPath</key>
			<string>/bin/sh</string>
			<key>shellScript</key>
			<string>diff "${PODS_ROOT}/../Podfile.lock" "${PODS_ROOT}/Manifest.lock" &gt; /dev/null
if [[ $? != 0 ]] ; then
    cat &lt;&lt; EOM
error: The sandbox is not in sync with the Podfile.lock. Run 'pod install' or update your CocoaPods installation.
EOM
    exit 1
fi
</string>
			<key>showEnvVarsInLog</key>
			<string>0</string>
		</dict>
	</dict>
	<key>rootObject</key>
	<string>A0987ADD19E6FB0D00233ECC</string>
</dict>
</plist>
